// !$*UTF8*$!
{
	archiveVersion = 1;
	classes = {
	};
	objectVersion = 55;
	objects = {

/* Begin PBXBuildFile section */
		F5A167D1286F6962003120D2 /* TunebotApp.swift in Sources */ = {isa = PBXBuildFile; fileRef = F5A167D0286F6962003120D2 /* TunebotApp.swift */; };
		F5A167D3286F6962003120D2 /* ContentView.swift in Sources */ = {isa = PBXBuildFile; fileRef = F5A167D2286F6962003120D2 /* ContentView.swift */; };
		F5A167D5286F6967003120D2 /* Assets.xcassets in Resources */ = {isa = PBXBuildFile; fileRef = F5A167D4286F6967003120D2 /* Assets.xcassets */; };
		F5A167D8286F6967003120D2 /* Preview Assets.xcassets in Resources */ = {isa = PBXBuildFile; fileRef = F5A167D7286F6967003120D2 /* Preview Assets.xcassets */; };
		F5A167E3286F6DDA003120D2 /* Tesseract.swift in Sources */ = {isa = PBXBuildFile; fileRef = F5A167E2286F6DDA003120D2 /* Tesseract.swift */; };
		F5A167E628762759003120D2 /* Logging in Frameworks */ = {isa = PBXBuildFile; productRef = F5A167E528762759003120D2 /* Logging */; };
		F5A167E9287628D3003120D2 /* Puppy in Frameworks */ = {isa = PBXBuildFile; productRef = F5A167E8287628D3003120D2 /* Puppy */; };
/* End PBXBuildFile section */

/* Begin PBXFileReference section */
		F5A167CD286F6962003120D2 /* Tunebot.app */ = {isa = PBXFileReference; explicitFileType = wrapper.application; includeInIndex = 0; path = Tunebot.app; sourceTree = BUILT_PRODUCTS_DIR; };
		F5A167D0286F6962003120D2 /* TunebotApp.swift */ = {isa = PBXFileReference; lastKnownFileType = sourcecode.swift; path = TunebotApp.swift; sourceTree = "<group>"; };
		F5A167D2286F6962003120D2 /* ContentView.swift */ = {isa = PBXFileReference; lastKnownFileType = sourcecode.swift; path = ContentView.swift; sourceTree = "<group>"; };
		F5A167D4286F6967003120D2 /* Assets.xcassets */ = {isa = PBXFileReference; lastKnownFileType = folder.assetcatalog; path = Assets.xcassets; sourceTree = "<group>"; };
		F5A167D7286F6967003120D2 /* Preview Assets.xcassets */ = {isa = PBXFileReference; lastKnownFileType = folder.assetcatalog; path = "Preview Assets.xcassets"; sourceTree = "<group>"; };
		F5A167E2286F6DDA003120D2 /* Tesseract.swift */ = {isa = PBXFileReference; lastKnownFileType = sourcecode.swift; path = Tesseract.swift; sourceTree = "<group>"; };
/* End PBXFileReference section */

/* Begin PBXFrameworksBuildPhase section */
		F5A167CA286F6962003120D2 /* Frameworks */ = {
			isa = PBXFrameworksBuildPhase;
			buildActionMask = 2147483647;
			files = (
				F5A167E628762759003120D2 /* Logging in Frameworks */,
				F5A167E9287628D3003120D2 /* Puppy in Frameworks */,
			);
			runOnlyForDeploymentPostprocessing = 0;
		};
/* End PBXFrameworksBuildPhase section */

/* Begin PBXGroup section */
		F5A167C4286F6962003120D2 = {
			isa = PBXGroup;
			children = (
				F5A167CF286F6962003120D2 /* Tunebot */,
				F5A167CE286F6962003120D2 /* Products */,
			);
			sourceTree = "<group>";
		};
		F5A167CE286F6962003120D2 /* Products */ = {
			isa = PBXGroup;
			children = (
				F5A167CD286F6962003120D2 /* Tunebot.app */,
			);
			name = Products;
			sourceTree = "<group>";
		};
		F5A167CF286F6962003120D2 /* Tunebot */ = {
			isa = PBXGroup;
			children = (
				F5A167E1286F6DCD003120D2 /* Core */,
				F5A167D0286F6962003120D2 /* TunebotApp.swift */,
				F5A167D2286F6962003120D2 /* ContentView.swift */,
				F5A167D4286F6967003120D2 /* Assets.xcassets */,
				F5A167D6286F6967003120D2 /* Preview Content */,
			);
			path = Tunebot;
			sourceTree = "<group>";
		};
		F5A167D6286F6967003120D2 /* Preview Content */ = {
			isa = PBXGroup;
			children = (
				F5A167D7286F6967003120D2 /* Preview Assets.xcassets */,
			);
			path = "Preview Content";
			sourceTree = "<group>";
		};
		F5A167E1286F6DCD003120D2 /* Core */ = {
			isa = PBXGroup;
			children = (
				F5A167E2286F6DDA003120D2 /* Tesseract.swift */,
			);
			path = Core;
			sourceTree = "<group>";
		};
/* End PBXGroup section */

/* Begin PBXNativeTarget section */
		F5A167CC286F6962003120D2 /* Tunebot */ = {
			isa = PBXNativeTarget;
			buildConfigurationList = F5A167DB286F6967003120D2 /* Build configuration list for PBXNativeTarget "Tunebot" */;
			buildPhases = (
				F5A167C9286F6962003120D2 /* Sources */,
				F5A167CA286F6962003120D2 /* Frameworks */,
				F5A167CB286F6962003120D2 /* Resources */,
			);
			buildRules = (
			);
			dependencies = (
			);
			name = Tunebot;
			packageProductDependencies = (
				F5A167E528762759003120D2 /* Logging */,
				F5A167E8287628D3003120D2 /* Puppy */,
			);
			productName = Tunebot;
			productReference = F5A167CD286F6962003120D2 /* Tunebot.app */;
			productType = "com.apple.product-type.application";
		};
/* End PBXNativeTarget section */

/* Begin PBXProject section */
		F5A167C5286F6962003120D2 /* Project object */ = {
			isa = PBXProject;
			attributes = {
				BuildIndependentTargetsInParallel = 1;
				LastSwiftUpdateCheck = 1340;
				LastUpgradeCheck = 1340;
				TargetAttributes = {
					F5A167CC286F6962003120D2 = {
						CreatedOnToolsVersion = 13.4.1;
					};
				};
			};
			buildConfigurationList = F5A167C8286F6962003120D2 /* Build configuration list for PBXProject "Tunebot" */;
			compatibilityVersion = "Xcode 13.0";
			developmentRegion = en;
			hasScannedForEncodings = 0;
			knownRegions = (
				en,
				Base,
			);
			mainGroup = F5A167C4286F6962003120D2;
			packageReferences = (
				F5A167E428762759003120D2 /* XCRemoteSwiftPackageReference "swift-log" */,
				F5A167E7287628D3003120D2 /* XCRemoteSwiftPackageReference "Puppy" */,
			);
			productRefGroup = F5A167CE286F6962003120D2 /* Products */;
			projectDirPath = "";
			projectRoot = "";
			targets = (
				F5A167CC286F6962003120D2 /* Tunebot */,
			);
		};
/* End PBXProject section */

/* Begin PBXResourcesBuildPhase section */
		F5A167CB286F6962003120D2 /* Resources */ = {
			isa = PBXResourcesBuildPhase;
			buildActionMask = 2147483647;
			files = (
				F5A167D8286F6967003120D2 /* Preview Assets.xcassets in Resources */,
				F5A167D5286F6967003120D2 /* Assets.xcassets in Resources */,
			);
			runOnlyForDeploymentPostprocessing = 0;
		};
/* End PBXResourcesBuildPhase section */

/* Begin PBXSourcesBuildPhase section */
		F5A167C9286F6962003120D2 /* Sources */ = {
			isa = PBXSourcesBuildPhase;
			buildActionMask = 2147483647;
			files = (
				F5A167E3286F6DDA003120D2 /* Tesseract.swift in Sources */,
				F5A167D3286F6962003120D2 /* ContentView.swift in Sources */,
				F5A167D1286F6962003120D2 /* TunebotApp.swift in Sources */,
			);
			runOnlyForDeploymentPostprocessing = 0;
		};
/* End PBXSourcesBuildPhase section */

/* Begin XCBuildConfiguration section */
		F5A167D9286F6967003120D2 /* Debug */ = {
			isa = XCBuildConfiguration;
			buildSettings = {
				ALWAYS_SEARCH_USER_PATHS = NO;
				CLANG_ANALYZER_NONNULL = YES;
				CLANG_ANALYZER_NUMBER_OBJECT_CONVERSION = YES_AGGRESSIVE;
				CLANG_CXX_LANGUAGE_STANDARD = "gnu++17";
				CLANG_ENABLE_MODULES = YES;
				CLANG_ENABLE_OBJC_ARC = YES;
				CLANG_ENABLE_OBJC_WEAK = YES;
				CLANG_WARN_BLOCK_CAPTURE_AUTORELEASING = YES;
				CLANG_WARN_BOOL_CONVERSION = YES;
				CLANG_WARN_COMMA = YES;
				CLANG_WARN_CONSTANT_CONVERSION = YES;
				CLANG_WARN_DEPRECATED_OBJC_IMPLEMENTATIONS = YES;
				CLANG_WARN_DIRECT_OBJC_ISA_USAGE = YES_ERROR;
				CLANG_WARN_DOCUMENTATION_COMMENTS = YES;
				CLANG_WARN_EMPTY_BODY = YES;
				CLANG_WARN_ENUM_CONVERSION = YES;
				CLANG_WARN_INFINITE_RECURSION = YES;
				CLANG_WARN_INT_CONVERSION = YES;
				CLANG_WARN_NON_LITERAL_NULL_CONVERSION = YES;
				CLANG_WARN_OBJC_IMPLICIT_RETAIN_SELF = YES;
				CLANG_WARN_OBJC_LITERAL_CONVERSION = YES;
				CLANG_WARN_OBJC_ROOT_CLASS = YES_ERROR;
				CLANG_WARN_QUOTED_INCLUDE_IN_FRAMEWORK_HEADER = YES;
				CLANG_WARN_RANGE_LOOP_ANALYSIS = YES;
				CLANG_WARN_STRICT_PROTOTYPES = YES;
				CLANG_WARN_SUSPICIOUS_MOVE = YES;
				CLANG_WARN_UNGUARDED_AVAILABILITY = YES_AGGRESSIVE;
				CLANG_WARN_UNREACHABLE_CODE = YES;
				CLANG_WARN__DUPLICATE_METHOD_MATCH = YES;
				COPY_PHASE_STRIP = NO;
				DEBUG_INFORMATION_FORMAT = dwarf;
				ENABLE_STRICT_OBJC_MSGSEND = YES;
				ENABLE_TESTABILITY = YES;
				GCC_C_LANGUAGE_STANDARD = gnu11;
				GCC_DYNAMIC_NO_PIC = NO;
				GCC_NO_COMMON_BLOCKS = YES;
				GCC_OPTIMIZATION_LEVEL = 0;
				GCC_PREPROCESSOR_DEFINITIONS = (
					"DEBUG=1",
					"$(inherited)",
				);
				GCC_WARN_64_TO_32_BIT_CONVERSION = YES;
				GCC_WARN_ABOUT_RETURN_TYPE = YES_ERROR;
				GCC_WARN_UNDECLARED_SELECTOR = YES;
				GCC_WARN_UNINITIALIZED_AUTOS = YES_AGGRESSIVE;
				GCC_WARN_UNUSED_FUNCTION = YES;
				GCC_WARN_UNUSED_VARIABLE = YES;
				IPHONEOS_DEPLOYMENT_TARGET = 15.5;
				MTL_ENABLE_DEBUG_INFO = INCLUDE_SOURCE;
				MTL_FAST_MATH = YES;
				ONLY_ACTIVE_ARCH = YES;
				SDKROOT = iphoneos;
				SWIFT_ACTIVE_COMPILATION_CONDITIONS = DEBUG;
				SWIFT_OPTIMIZATION_LEVEL = "-Onone";
			};
			name = Debug;
		};
		F5A167DA286F6967003120D2 /* Release */ = {
			isa = XCBuildConfiguration;
			buildSettings = {
				ALWAYS_SEARCH_USER_PATHS = NO;
				CLANG_ANALYZER_NONNULL = YES;
				CLANG_ANALYZER_NUMBER_OBJECT_CONVERSION = YES_AGGRESSIVE;
				CLANG_CXX_LANGUAGE_STANDARD = "gnu++17";
				CLANG_ENABLE_MODULES = YES;
				CLANG_ENABLE_OBJC_ARC = YES;
				CLANG_ENABLE_OBJC_WEAK = YES;
				CLANG_WARN_BLOCK_CAPTURE_AUTORELEASING = YES;
				CLANG_WARN_BOOL_CONVERSION = YES;
				CLANG_WARN_COMMA = YES;
				CLANG_WARN_CONSTANT_CONVERSION = YES;
				CLANG_WARN_DEPRECATED_OBJC_IMPLEMENTATIONS = YES;
				CLANG_WARN_DIRECT_OBJC_ISA_USAGE = YES_ERROR;
				CLANG_WARN_DOCUMENTATION_COMMENTS = YES;
				CLANG_WARN_EMPTY_BODY = YES;
				CLANG_WARN_ENUM_CONVERSION = YES;
				CLANG_WARN_INFINITE_RECURSION = YES;
				CLANG_WARN_INT_CONVERSION = YES;
				CLANG_WARN_NON_LITERAL_NULL_CONVERSION = YES;
				CLANG_WARN_OBJC_IMPLICIT_RETAIN_SELF = YES;
				CLANG_WARN_OBJC_LITERAL_CONVERSION = YES;
				CLANG_WARN_OBJC_ROOT_CLASS = YES_ERROR;
				CLANG_WARN_QUOTED_INCLUDE_IN_FRAMEWORK_HEADER = YES;
				CLANG_WARN_RANGE_LOOP_ANALYSIS = YES;
				CLANG_WARN_STRICT_PROTOTYPES = YES;
				CLANG_WARN_SUSPICIOUS_MOVE = YES;
				CLANG_WARN_UNGUARDED_AVAILABILITY = YES_AGGRESSIVE;
				CLANG_WARN_UNREACHABLE_CODE = YES;
				CLANG_WARN__DUPLICATE_METHOD_MATCH = YES;
				COPY_PHASE_STRIP = NO;
				DEBUG_INFORMATION_FORMAT = "dwarf-with-dsym";
				ENABLE_NS_ASSERTIONS = NO;
				ENABLE_STRICT_OBJC_MSGSEND = YES;
				GCC_C_LANGUAGE_STANDARD = gnu11;
				GCC_NO_COMMON_BLOCKS = YES;
				GCC_WARN_64_TO_32_BIT_CONVERSION = YES;
				GCC_WARN_ABOUT_RETURN_TYPE = YES_ERROR;
				GCC_WARN_UNDECLARED_SELECTOR = YES;
				GCC_WARN_UNINITIALIZED_AUTOS = YES_AGGRESSIVE;
				GCC_WARN_UNUSED_FUNCTION = YES;
				GCC_WARN_UNUSED_VARIABLE = YES;
				IPHONEOS_DEPLOYMENT_TARGET = 15.5;
				MTL_ENABLE_DEBUG_INFO = NO;
				MTL_FAST_MATH = YES;
				SDKROOT = iphoneos;
				SWIFT_COMPILATION_MODE = wholemodule;
				SWIFT_OPTIMIZATION_LEVEL = "-O";
				VALIDATE_PRODUCT = YES;
			};
			name = Release;
		};
		F5A167DC286F6967003120D2 /* Debug */ = {
			isa = XCBuildConfiguration;
			buildSettings = {
				ASSETCATALOG_COMPILER_APPICON_NAME = AppIcon;
				ASSETCATALOG_COMPILER_GLOBAL_ACCENT_COLOR_NAME = AccentColor;
				CODE_SIGN_STYLE = Automatic;
				CURRENT_PROJECT_VERSION = 1;
				DEVELOPMENT_ASSET_PATHS = "\"Tunebot/Preview Content\"";
				DEVELOPMENT_TEAM = KTK5R8QJ6S;
				ENABLE_PREVIEWS = YES;
				GENERATE_INFOPLIST_FILE = YES;
				INFOPLIST_KEY_UIApplicationSceneManifest_Generation = YES;
				INFOPLIST_KEY_UIApplicationSupportsIndirectInputEvents = YES;
				INFOPLIST_KEY_UILaunchScreen_Generation = YES;
				INFOPLIST_KEY_UISupportedInterfaceOrientations_iPad = "UIInterfaceOrientationPortrait UIInterfaceOrientationPortraitUpsideDown UIInterfaceOrientationLandscapeLeft UIInterfaceOrientationLandscapeRight";
				INFOPLIST_KEY_UISupportedInterfaceOrientations_iPhone = "UIInterfaceOrientationPortrait UIInterfaceOrientationLandscapeLeft UIInterfaceOrientationLandscapeRight";
				LD_RUNPATH_SEARCH_PATHS = (
					"$(inherited)",
					"@executable_path/Frameworks",
				);
				MARKETING_VERSION = 1.0;
				PRODUCT_BUNDLE_IDENTIFIER = dev.lancy.Tunebot;
				PRODUCT_NAME = "$(TARGET_NAME)";
				SWIFT_EMIT_LOC_STRINGS = YES;
				SWIFT_VERSION = 5.0;
				TARGETED_DEVICE_FAMILY = "1,2";
			};
			name = Debug;
		};
		F5A167DD286F6967003120D2 /* Release */ = {
			isa = XCBuildConfiguration;
			buildSettings = {
				ASSETCATALOG_COMPILER_APPICON_NAME = AppIcon;
				ASSETCATALOG_COMPILER_GLOBAL_ACCENT_COLOR_NAME = AccentColor;
				CODE_SIGN_STYLE = Automatic;
				CURRENT_PROJECT_VERSION = 1;
				DEVELOPMENT_ASSET_PATHS = "\"Tunebot/Preview Content\"";
				DEVELOPMENT_TEAM = KTK5R8QJ6S;
				ENABLE_PREVIEWS = YES;
				GENERATE_INFOPLIST_FILE = YES;
				INFOPLIST_KEY_UIApplicationSceneManifest_Generation = YES;
				INFOPLIST_KEY_UIApplicationSupportsIndirectInputEvents = YES;
				INFOPLIST_KEY_UILaunchScreen_Generation = YES;
				INFOPLIST_KEY_UISupportedInterfaceOrientations_iPad = "UIInterfaceOrientationPortrait UIInterfaceOrientationPortraitUpsideDown UIInterfaceOrientationLandscapeLeft UIInterfaceOrientationLandscapeRight";
				INFOPLIST_KEY_UISupportedInterfaceOrientations_iPhone = "UIInterfaceOrientationPortrait UIInterfaceOrientationLandscapeLeft UIInterfaceOrientationLandscapeRight";
				LD_RUNPATH_SEARCH_PATHS = (
					"$(inherited)",
					"@executable_path/Frameworks",
				);
				MARKETING_VERSION = 1.0;
				PRODUCT_BUNDLE_IDENTIFIER = dev.lancy.Tunebot;
				PRODUCT_NAME = "$(TARGET_NAME)";
				SWIFT_EMIT_LOC_STRINGS = YES;
				SWIFT_VERSION = 5.0;
				TARGETED_DEVICE_FAMILY = "1,2";
			};
			name = Release;
		};
/* End XCBuildConfiguration section */

/* Begin XCConfigurationList section */
		F5A167C8286F6962003120D2 /* Build configuration list for PBXProject "Tunebot" */ = {
			isa = XCConfigurationList;
			buildConfigurations = (
				F5A167D9286F6967003120D2 /* Debug */,
				F5A167DA286F6967003120D2 /* Release */,
			);
			defaultConfigurationIsVisible = 0;
			defaultConfigurationName = Release;
		};
		F5A167DB286F6967003120D2 /* Build configuration list for PBXNativeTarget "Tunebot" */ = {
			isa = XCConfigurationList;
			buildConfigurations = (
				F5A167DC286F6967003120D2 /* Debug */,
				F5A167DD286F6967003120D2 /* Release */,
			);
			defaultConfigurationIsVisible = 0;
			defaultConfigurationName = Release;
		};
/* End XCConfigurationList section */

/* Begin XCRemoteSwiftPackageReference section */
		F5A167E428762759003120D2 /* XCRemoteSwiftPackageReference "swift-log" */ = {
			isa = XCRemoteSwiftPackageReference;
			repositoryURL = "https://github.com/apple/swift-log.git";
			requirement = {
				kind = upToNextMajorVersion;
				minimumVersion = 1.0.0;
			};
		};
		F5A167E7287628D3003120D2 /* XCRemoteSwiftPackageReference "Puppy" */ = {
			isa = XCRemoteSwiftPackageReference;
			repositoryURL = "https://github.com/sushichop/Puppy";
			requirement = {
				kind = upToNextMajorVersion;
				minimumVersion = 0.5.0;
			};
		};
/* End XCRemoteSwiftPackageReference section */

/* Begin XCSwiftPackageProductDependency section */
		F5A167E528762759003120D2 /* Logging */ = {
			isa = XCSwiftPackageProductDependency;
			package = F5A167E428762759003120D2 /* XCRemoteSwiftPackageReference "swift-log" */;
			productName = Logging;
		};
		F5A167E8287628D3003120D2 /* Puppy */ = {
			isa = XCSwiftPackageProductDependency;
			package = F5A167E7287628D3003120D2 /* XCRemoteSwiftPackageReference "Puppy" */;
			productName = Puppy;
		};
/* End XCSwiftPackageProductDependency section */
	};
	rootObject = F5A167C5286F6962003120D2 /* Project object */;
}
